{
    "name": "@jhub-center/jhostify-script",
    "version": "0.6.2",
    "lockfileVersion": 3,
    "requires": true,
    "packages": {
        "": {
            "name": "@jhub-center/jhostify-script",
            "version": "0.6.2",
            "license": "ISC",
            "dependencies": {
                "requirejs": "^2.3.7",
                "tslib": "^2.5.2"
            },
            "bin": {
                "jhost": "bin/jhost.js"
            },
            "devDependencies": {
                "@types/node": "^16.7.13",
                "tslib": "^2.5.2",
                "typescript": "^4.4.2"
            }
        },
        "node_modules/@types/node": {
            "version": "16.18.32",
            "resolved": "https://registry.npmjs.org/@types/node/-/node-16.18.32.tgz",
            "integrity": "sha512-zpnXe4dEz6PrWz9u7dqyRoq9VxwCvoXRPy/ewhmMa1CgEyVmtL1NJPQ2MX+4pf97vetquVKkpiMx0MwI8pjNOw==",
            "dev": true
        },
        "node_modules/requirejs": {
            "version": "2.3.7",
            "resolved": "https://registry.npmjs.org/requirejs/-/requirejs-2.3.7.tgz",
            "integrity": "sha512-DouTG8T1WanGok6Qjg2SXuCMzszOo0eHeH9hDZ5Y4x8Je+9JB38HdTLT4/VA8OaUhBa0JPVHJ0pyBkM1z+pDsw==",
            "license": "MIT",
            "bin": {
                "r_js": "bin/r.js",
                "r.js": "bin/r.js"
            },
            "engines": {
                "node": ">=0.4.0"
            }
        },
        "node_modules/tslib": {
            "version": "2.5.2",
            "resolved": "https://registry.npmjs.org/tslib/-/tslib-2.5.2.tgz",
            "integrity": "sha512-5svOrSA2w3iGFDs1HibEVBGbDrAY82bFQ3HZ3ixB+88nsbsWQoKqDRb5UBYAUPEzbBn6dAp5gRNXglySbx1MlA==",
            "dev": true
        },
        "node_modules/typescript": {
            "version": "4.9.5",
            "resolved": "https://registry.npmjs.org/typescript/-/typescript-4.9.5.tgz",
            "integrity": "sha512-1FXk9E2Hm+QzZQ7z+McJiHL4NW1F2EzMu9Nq9i3zAaGqibafqYwCVU6WyWAuyQRRzOlxou8xZSyXLEN8oKj24g==",
            "dev": true,
            "bin": {
                "tsc": "bin/tsc",
                "tsserver": "bin/tsserver"
            },
            "engines": {
                "node": ">=4.2.0"
            }
        }
    }
}
