{
    "name": "@jhub-center/jhostify-script",
    "version": "0.8.0",
    "lockfileVersion": 3,
    "requires": true,
    "packages": {
        "": {
            "name": "@jhub-center/jhostify-script",
            "version": "0.8.0",
            "license": "ISC",
            "dependencies": {
                "requirejs": "^2.3.7",
                "tslib": "^2.5.2"
            },
            "bin": {
                "jhost": "bin/jhost.js"
            },
            "devDependencies": {
                "@types/node": "^26.2.0",
                "tslib": "^2.5.2",
                "typescript": "^6.0.2"
            }
        },
        "node_modules/@types/node": {
            "version": "26.2.0",
            "resolved": "https://registry.npmjs.org/@types/node/-/node-26.2.0.tgz",
            "integrity": "sha512-5IviulTZeRNp2vAJ514cc/HUlY5nZ9fCbq9DMyC52BrhFZACo3nI0R7qBxhQmo/d27NFe96ur/b7Wwxklda+kg==",
            "dev": true,
            "license": "MIT",
            "dependencies": {
                "undici-types": "~8.3.0"
            }
        },
        "node_modules/requirejs": {
            "version": "2.3.7",
            "resolved": "https://registry.npmjs.org/requirejs/-/requirejs-2.3.7.tgz",
            "integrity": "sha512-DouTG8T1WanGok6Qjg2SXuCMzszOo0eHeH9hDZ5Y4x8Je+9JB38HdTLT4/VA8OaUhBa0JPVHJ0pyBkM1z+pDsw==",
            "license": "MIT",
            "bin": {
                "r_js": "bin/r.js",
                "r.js": "bin/r.js"
            },
            "engines": {
                "node": ">=0.4.0"
            }
        },
        "node_modules/tslib": {
            "version": "2.5.2",
            "resolved": "https://registry.npmjs.org/tslib/-/tslib-2.5.2.tgz",
            "integrity": "sha512-5svOrSA2w3iGFDs1HibEVBGbDrAY82bFQ3HZ3ixB+88nsbsWQoKqDRb5UBYAUPEzbBn6dAp5gRNXglySbx1MlA==",
            "dev": true
        },
        "node_modules/typescript": {
            "version": "6.0.3",
            "resolved": "https://registry.npmjs.org/typescript/-/typescript-6.0.3.tgz",
            "integrity": "sha512-y2TvuxSZPDyQakkFRPZHKFm+KKVqIisdg9/CZwm9ftvKXLP8NRWj38/ODjNbr43SsoXqNuAisEf1GdCxqWcdBw==",
            "dev": true,
            "license": "Apache-2.0",
            "bin": {
                "tsc": "bin/tsc",
                "tsserver": "bin/tsserver"
            },
            "engines": {
                "node": ">=14.17"
            }
        },
        "node_modules/undici-types": {
            "version": "8.3.0",
            "resolved": "https://registry.npmjs.org/undici-types/-/undici-types-8.3.0.tgz",
            "integrity": "sha512-j375ScV60dom+YkPFIfTLcOiPxkN/buHz5GobjLhixFuANaNs3C9l4GmrWqejgXWJ7BbJcFYpTEUkS1Ge8bpZQ==",
            "dev": true,
            "license": "MIT"
        }
    }
}
